// !$*UTF8*$!
{
	archiveVersion = 1;
	classes = {
	};
	objectVersion = 50;
	objects = {

/* Begin PBXBuildFile section */
		2F19D85023DAC14F00C1B27E /* AppDelegate.swift in Sources */ = {isa = PBXBuildFile; fileRef = 2F19D84F23DAC14F00C1B27E /* AppDelegate.swift */; };
		2F19D85223DAC14F00C1B27E /* SceneDelegate.swift in Sources */ = {isa = PBXBuildFile; fileRef = 2F19D85123DAC14F00C1B27E /* SceneDelegate.swift */; };
		2F19D85423DAC14F00C1B27E /* TipCalculatorViewController.swift in Sources */ = {isa = PBXBuildFile; fileRef = 2F19D85323DAC14F00C1B27E /* TipCalculatorViewController.swift */; };
		2F19D85923DAC15000C1B27E /* Assets.xcassets in Resources */ = {isa = PBXBuildFile; fileRef = 2F19D85823DAC15000C1B27E /* Assets.xcassets */; };
		2F19D85C23DAC15000C1B27E /* LaunchScreen.storyboard in Resources */ = {isa = PBXBuildFile; fileRef = 2F19D85A23DAC15000C1B27E /* LaunchScreen.storyboard */; };
		2F19D86723DACA3900C1B27E /* TipTextField.swift in Sources */ = {isa = PBXBuildFile; fileRef = 2F19D86623DACA3900C1B27E /* TipTextField.swift */; };
		2F19D86923DACB1000C1B27E /* TipButton.swift in Sources */ = {isa = PBXBuildFile; fileRef = 2F19D86823DACB1000C1B27E /* TipButton.swift */; };
		2F19D86C23DACF5B00C1B27E /* ResultViewController.swift in Sources */ = {isa = PBXBuildFile; fileRef = 2F19D86B23DACF5B00C1B27E /* ResultViewController.swift */; };
		2F19D86F23DAD22400C1B27E /* Alert.swift in Sources */ = {isa = PBXBuildFile; fileRef = 2F19D86E23DAD22400C1B27E /* Alert.swift */; };
/* End PBXBuildFile section */

/* Begin PBXFileReference section */
		2F19D84C23DAC14F00C1B27E /* TipCalculator.app */ = {isa = PBXFileReference; explicitFileType = wrapper.application; includeInIndex = 0; path = TipCalculator.app; sourceTree = BUILT_PRODUCTS_DIR; };
		2F19D84F23DAC14F00C1B27E /* AppDelegate.swift */ = {isa = PBXFileReference; lastKnownFileType = sourcecode.swift; path = AppDelegate.swift; sourceTree = "<group>"; };
		2F19D85123DAC14F00C1B27E /* SceneDelegate.swift */ = {isa = PBXFileReference; lastKnownFileType = sourcecode.swift; path = SceneDelegate.swift; sourceTree = "<group>"; };
		2F19D85323DAC14F00C1B27E /* TipCalculatorViewController.swift */ = {isa = PBXFileReference; lastKnownFileType = sourcecode.swift; path = TipCalculatorViewController.swift; sourceTree = "<group>"; };
		2F19D85823DAC15000C1B27E /* Assets.xcassets */ = {isa = PBXFileReference; lastKnownFileType = folder.assetcatalog; path = Assets.xcassets; sourceTree = "<group>"; };
		2F19D85B23DAC15000C1B27E /* Base */ = {isa = PBXFileReference; lastKnownFileType = file.storyboard; name = Base; path = Base.lproj/LaunchScreen.storyboard; sourceTree = "<group>"; };
		2F19D85D23DAC15000C1B27E /* Info.plist */ = {isa = PBXFileReference; lastKnownFileType = text.plist.xml; path = Info.plist; sourceTree = "<group>"; };
		2F19D86623DACA3900C1B27E /* TipTextField.swift */ = {isa = PBXFileReference; lastKnownFileType = sourcecode.swift; path = TipTextField.swift; sourceTree = "<group>"; };
		2F19D86823DACB1000C1B27E /* TipButton.swift */ = {isa = PBXFileReference; lastKnownFileType = sourcecode.swift; path = TipButton.swift; sourceTree = "<group>"; };
		2F19D86B23DACF5B00C1B27E /* ResultViewController.swift */ = {isa = PBXFileReference; lastKnownFileType = sourcecode.swift; path = ResultViewController.swift; sourceTree = "<group>"; };
		2F19D86E23DAD22400C1B27E /* Alert.swift */ = {isa = PBXFileReference; lastKnownFileType = sourcecode.swift; path = Alert.swift; sourceTree = "<group>"; };
/* End PBXFileReference section */

/* Begin PBXFrameworksBuildPhase section */
		2F19D84923DAC14F00C1B27E /* Frameworks */ = {
			isa = PBXFrameworksBuildPhase;
			buildActionMask = 2147483647;
			files = (
			);
			runOnlyForDeploymentPostprocessing = 0;
		};
/* End PBXFrameworksBuildPhase section */

/* Begin PBXGroup section */
		2F19D84323DAC14F00C1B27E = {
			isa = PBXGroup;
			children = (
				2F19D84E23DAC14F00C1B27E /* TipCalculator */,
				2F19D84D23DAC14F00C1B27E /* Products */,
			);
			sourceTree = "<group>";
		};
		2F19D84D23DAC14F00C1B27E /* Products */ = {
			isa = PBXGroup;
			children = (
				2F19D84C23DAC14F00C1B27E /* TipCalculator.app */,
			);
			name = Products;
			sourceTree = "<group>";
		};
		2F19D84E23DAC14F00C1B27E /* TipCalculator */ = {
			isa = PBXGroup;
			children = (
				2F19D86D23DAD20D00C1B27E /* Models */,
				2F19D86A23DACF4800C1B27E /* Controllers */,
				2F19D86323DAC97700C1B27E /* Views */,
				2F19D84F23DAC14F00C1B27E /* AppDelegate.swift */,
				2F19D85123DAC14F00C1B27E /* SceneDelegate.swift */,
				2F19D85823DAC15000C1B27E /* Assets.xcassets */,
				2F19D85A23DAC15000C1B27E /* LaunchScreen.storyboard */,
				2F19D85D23DAC15000C1B27E /* Info.plist */,
			);
			path = TipCalculator;
			sourceTree = "<group>";
		};
		2F19D86323DAC97700C1B27E /* Views */ = {
			isa = PBXGroup;
			children = (
				2F19D86623DACA3900C1B27E /* TipTextField.swift */,
				2F19D86823DACB1000C1B27E /* TipButton.swift */,
			);
			path = Views;
			sourceTree = "<group>";
		};
		2F19D86A23DACF4800C1B27E /* Controllers */ = {
			isa = PBXGroup;
			children = (
				2F19D85323DAC14F00C1B27E /* TipCalculatorViewController.swift */,
				2F19D86B23DACF5B00C1B27E /* ResultViewController.swift */,
			);
			path = Controllers;
			sourceTree = "<group>";
		};
		2F19D86D23DAD20D00C1B27E /* Models */ = {
			isa = PBXGroup;
			children = (
				2F19D86E23DAD22400C1B27E /* Alert.swift */,
			);
			path = Models;
			sourceTree = "<group>";
		};
/* End PBXGroup section */

/* Begin PBXNativeTarget section */
		2F19D84B23DAC14F00C1B27E /* TipCalculator */ = {
			isa = PBXNativeTarget;
			buildConfigurationList = 2F19D86023DAC15000C1B27E /* Build configuration list for PBXNativeTarget "TipCalculator" */;
			buildPhases = (
				2F19D84823DAC14F00C1B27E /* Sources */,
				2F19D84923DAC14F00C1B27E /* Frameworks */,
				2F19D84A23DAC14F00C1B27E /* Resources */,
			);
			buildRules = (
			);
			dependencies = (
			);
			name = TipCalculator;
			productName = TipCalculator;
			productReference = 2F19D84C23DAC14F00C1B27E /* TipCalculator.app */;
			productType = "com.apple.product-type.application";
		};
/* End PBXNativeTarget section */

/* Begin PBXProject section */
		2F19D84423DAC14F00C1B27E /* Project object */ = {
			isa = PBXProject;
			attributes = {
				LastSwiftUpdateCheck = 1110;
				LastUpgradeCheck = 1110;
				ORGANIZATIONNAME = "Camilo Cabana";
				TargetAttributes = {
					2F19D84B23DAC14F00C1B27E = {
						CreatedOnToolsVersion = 11.1;
					};
				};
			};
			buildConfigurationList = 2F19D84723DAC14F00C1B27E /* Build configuration list for PBXProject "TipCalculator" */;
			compatibilityVersion = "Xcode 9.3";
			developmentRegion = en;
			hasScannedForEncodings = 0;
			knownRegions = (
				en,
				Base,
			);
			mainGroup = 2F19D84323DAC14F00C1B27E;
			productRefGroup = 2F19D84D23DAC14F00C1B27E /* Products */;
			projectDirPath = "";
			projectRoot = "";
			targets = (
				2F19D84B23DAC14F00C1B27E /* TipCalculator */,
			);
		};
/* End PBXProject section */

/* Begin PBXResourcesBuildPhase section */
		2F19D84A23DAC14F00C1B27E /* Resources */ = {
			isa = PBXResourcesBuildPhase;
			buildActionMask = 2147483647;
			files = (
				2F19D85C23DAC15000C1B27E /* LaunchScreen.storyboard in Resources */,
				2F19D85923DAC15000C1B27E /* Assets.xcassets in Resources */,
			);
			runOnlyForDeploymentPostprocessing = 0;
		};
/* End PBXResourcesBuildPhase section */

/* Begin PBXSourcesBuildPhase section */
		2F19D84823DAC14F00C1B27E /* Sources */ = {
			isa = PBXSourcesBuildPhase;
			buildActionMask = 2147483647;
			files = (
				2F19D85423DAC14F00C1B27E /* TipCalculatorViewController.swift in Sources */,
				2F19D85023DAC14F00C1B27E /* AppDelegate.swift in Sources */,
				2F19D86923DACB1000C1B27E /* TipButton.swift in Sources */,
				2F19D85223DAC14F00C1B27E /* SceneDelegate.swift in Sources */,
				2F19D86723DACA3900C1B27E /* TipTextField.swift in Sources */,
				2F19D86C23DACF5B00C1B27E /* ResultViewController.swift in Sources */,
				2F19D86F23DAD22400C1B27E /* Alert.swift in Sources */,
			);
			runOnlyForDeploymentPostprocessing = 0;
		};
/* End PBXSourcesBuildPhase section */

/* Begin PBXVariantGroup section */
		2F19D85A23DAC15000C1B27E /* LaunchScreen.storyboard */ = {
			isa = PBXVariantGroup;
			children = (
				2F19D85B23DAC15000C1B27E /* Base */,
			);
			name = LaunchScreen.storyboard;
			sourceTree = "<group>";
		};
/* End PBXVariantGroup section */

/* Begin XCBuildConfiguration section */
		2F19D85E23DAC15000C1B27E /* Debug */ = {
			isa = XCBuildConfiguration;
			buildSettings = {
				ALWAYS_SEARCH_USER_PATHS = NO;
				CLANG_ANALYZER_NONNULL = YES;
				CLANG_ANALYZER_NUMBER_OBJECT_CONVERSION = YES_AGGRESSIVE;
				CLANG_CXX_LANGUAGE_STANDARD = "gnu++14";
				CLANG_CXX_LIBRARY = "libc++";
				CLANG_ENABLE_MODULES = YES;
				CLANG_ENABLE_OBJC_ARC = YES;
				CLANG_ENABLE_OBJC_WEAK = YES;
				CLANG_WARN_BLOCK_CAPTURE_AUTORELEASING = YES;
				CLANG_WARN_BOOL_CONVERSION = YES;
				CLANG_WARN_COMMA = YES;
				CLANG_WARN_CONSTANT_CONVERSION = YES;
				CLANG_WARN_DEPRECATED_OBJC_IMPLEMENTATIONS = YES;
				CLANG_WARN_DIRECT_OBJC_ISA_USAGE = YES_ERROR;
				CLANG_WARN_DOCUMENTATION_COMMENTS = YES;
				CLANG_WARN_EMPTY_BODY = YES;
				CLANG_WARN_ENUM_CONVERSION = YES;
				CLANG_WARN_INFINITE_RECURSION = YES;
				CLANG_WARN_INT_CONVERSION = YES;
				CLANG_WARN_NON_LITERAL_NULL_CONVERSION = YES;
				CLANG_WARN_OBJC_IMPLICIT_RETAIN_SELF = YES;
				CLANG_WARN_OBJC_LITERAL_CONVERSION = YES;
				CLANG_WARN_OBJC_ROOT_CLASS = YES_ERROR;
				CLANG_WARN_RANGE_LOOP_ANALYSIS = YES;
				CLANG_WARN_STRICT_PROTOTYPES = YES;
				CLANG_WARN_SUSPICIOUS_MOVE = YES;
				CLANG_WARN_UNGUARDED_AVAILABILITY = YES_AGGRESSIVE;
				CLANG_WARN_UNREACHABLE_CODE = YES;
				CLANG_WARN__DUPLICATE_METHOD_MATCH = YES;
				COPY_PHASE_STRIP = NO;
				DEBUG_INFORMATION_FORMAT = dwarf;
				ENABLE_STRICT_OBJC_MSGSEND = YES;
				ENABLE_TESTABILITY = YES;
				GCC_C_LANGUAGE_STANDARD = gnu11;
				GCC_DYNAMIC_NO_PIC = NO;
				GCC_NO_COMMON_BLOCKS = YES;
				GCC_OPTIMIZATION_LEVEL = 0;
				GCC_PREPROCESSOR_DEFINITIONS = (
					"DEBUG=1",
					"$(inherited)",
				);
				GCC_WARN_64_TO_32_BIT_CONVERSION = YES;
				GCC_WARN_ABOUT_RETURN_TYPE = YES_ERROR;
				GCC_WARN_UNDECLARED_SELECTOR = YES;
				GCC_WARN_UNINITIALIZED_AUTOS = YES_AGGRESSIVE;
				GCC_WARN_UNUSED_FUNCTION = YES;
				GCC_WARN_UNUSED_VARIABLE = YES;
				IPHONEOS_DEPLOYMENT_TARGET = 13.1;
				MTL_ENABLE_DEBUG_INFO = INCLUDE_SOURCE;
				MTL_FAST_MATH = YES;
				ONLY_ACTIVE_ARCH = YES;
				SDKROOT = iphoneos;
				SWIFT_ACTIVE_COMPILATION_CONDITIONS = DEBUG;
				SWIFT_OPTIMIZATION_LEVEL = "-Onone";
			};
			name = Debug;
		};
		2F19D85F23DAC15000C1B27E /* Release */ = {
			isa = XCBuildConfiguration;
			buildSettings = {
				ALWAYS_SEARCH_USER_PATHS = NO;
				CLANG_ANALYZER_NONNULL = YES;
				CLANG_ANALYZER_NUMBER_OBJECT_CONVERSION = YES_AGGRESSIVE;
				CLANG_CXX_LANGUAGE_STANDARD = "gnu++14";
				CLANG_CXX_LIBRARY = "libc++";
				CLANG_ENABLE_MODULES = YES;
				CLANG_ENABLE_OBJC_ARC = YES;
				CLANG_ENABLE_OBJC_WEAK = YES;
				CLANG_WARN_BLOCK_CAPTURE_AUTORELEASING = YES;
				CLANG_WARN_BOOL_CONVERSION = YES;
				CLANG_WARN_COMMA = YES;
				CLANG_WARN_CONSTANT_CONVERSION = YES;
				CLANG_WARN_DEPRECATED_OBJC_IMPLEMENTATIONS = YES;
				CLANG_WARN_DIRECT_OBJC_ISA_USAGE = YES_ERROR;
				CLANG_WARN_DOCUMENTATION_COMMENTS = YES;
				CLANG_WARN_EMPTY_BODY = YES;
				CLANG_WARN_ENUM_CONVERSION = YES;
				CLANG_WARN_INFINITE_RECURSION = YES;
				CLANG_WARN_INT_CONVERSION = YES;
				CLANG_WARN_NON_LITERAL_NULL_CONVERSION = YES;
				CLANG_WARN_OBJC_IMPLICIT_RETAIN_SELF = YES;
				CLANG_WARN_OBJC_LITERAL_CONVERSION = YES;
				CLANG_WARN_OBJC_ROOT_CLASS = YES_ERROR;
				CLANG_WARN_RANGE_LOOP_ANALYSIS = YES;
				CLANG_WARN_STRICT_PROTOTYPES = YES;
				CLANG_WARN_SUSPICIOUS_MOVE = YES;
				CLANG_WARN_UNGUARDED_AVAILABILITY = YES_AGGRESSIVE;
				CLANG_WARN_UNREACHABLE_CODE = YES;
				CLANG_WARN__DUPLICATE_METHOD_MATCH = YES;
				COPY_PHASE_STRIP = NO;
				DEBUG_INFORMATION_FORMAT = "dwarf-with-dsym";
				ENABLE_NS_ASSERTIONS = NO;
				ENABLE_STRICT_OBJC_MSGSEND = YES;
				GCC_C_LANGUAGE_STANDARD = gnu11;
				GCC_NO_COMMON_BLOCKS = YES;
				GCC_WARN_64_TO_32_BIT_CONVERSION = YES;
				GCC_WARN_ABOUT_RETURN_TYPE = YES_ERROR;
				GCC_WARN_UNDECLARED_SELECTOR = YES;
				GCC_WARN_UNINITIALIZED_AUTOS = YES_AGGRESSIVE;
				GCC_WARN_UNUSED_FUNCTION = YES;
				GCC_WARN_UNUSED_VARIABLE = YES;
				IPHONEOS_DEPLOYMENT_TARGET = 13.1;
				MTL_ENABLE_DEBUG_INFO = NO;
				MTL_FAST_MATH = YES;
				SDKROOT = iphoneos;
				SWIFT_COMPILATION_MODE = wholemodule;
				SWIFT_OPTIMIZATION_LEVEL = "-O";
				VALIDATE_PRODUCT = YES;
			};
			name = Release;
		};
		2F19D86123DAC15000C1B27E /* Debug */ = {
			isa = XCBuildConfiguration;
			buildSettings = {
				ASSETCATALOG_COMPILER_APPICON_NAME = AppIcon;
				CODE_SIGN_STYLE = Automatic;
				DEVELOPMENT_TEAM = WK8JGF9VN3;
				INFOPLIST_FILE = TipCalculator/Info.plist;
				LD_RUNPATH_SEARCH_PATHS = (
					"$(inherited)",
					"@executable_path/Frameworks",
				);
				PRODUCT_BUNDLE_IDENTIFIER = com.camilocabana.TipCalculator;
				PRODUCT_NAME = "$(TARGET_NAME)";
				SWIFT_VERSION = 5.0;
				TARGETED_DEVICE_FAMILY = "1,2";
			};
			name = Debug;
		};
		2F19D86223DAC15000C1B27E /* Release */ = {
			isa = XCBuildConfiguration;
			buildSettings = {
				ASSETCATALOG_COMPILER_APPICON_NAME = AppIcon;
				CODE_SIGN_STYLE = Automatic;
				DEVELOPMENT_TEAM = WK8JGF9VN3;
				INFOPLIST_FILE = TipCalculator/Info.plist;
				LD_RUNPATH_SEARCH_PATHS = (
					"$(inherited)",
					"@executable_path/Frameworks",
				);
				PRODUCT_BUNDLE_IDENTIFIER = com.camilocabana.TipCalculator;
				PRODUCT_NAME = "$(TARGET_NAME)";
				SWIFT_VERSION = 5.0;
				TARGETED_DEVICE_FAMILY = "1,2";
			};
			name = Release;
		};
/* End XCBuildConfiguration section */

/* Begin XCConfigurationList section */
		2F19D84723DAC14F00C1B27E /* Build configuration list for PBXProject "TipCalculator" */ = {
			isa = XCConfigurationList;
			buildConfigurations = (
				2F19D85E23DAC15000C1B27E /* Debug */,
				2F19D85F23DAC15000C1B27E /* Release */,
			);
			defaultConfigurationIsVisible = 0;
			defaultConfigurationName = Release;
		};
		2F19D86023DAC15000C1B27E /* Build configuration list for PBXNativeTarget "TipCalculator" */ = {
			isa = XCConfigurationList;
			buildConfigurations = (
				2F19D86123DAC15000C1B27E /* Debug */,
				2F19D86223DAC15000C1B27E /* Release */,
			);
			defaultConfigurationIsVisible = 0;
			defaultConfigurationName = Release;
		};
/* End XCConfigurationList section */
	};
	rootObject = 2F19D84423DAC14F00C1B27E /* Project object */;
}
